
Microsoft Visual Studio Solution File, Format Version 12.00
# Visual Studio Version 17
VisualStudioVersion = 17.14.36301.6 d17.14
MinimumVisualStudioVersion = 10.0.40219.1
Project("{FAE04EC0-301F-11D3-BF4B-00C04F79EFBC}") = "PickNumber", "PickNumber\PickNumber.csproj", "{5C6384B4-8339-461C-8111-F3064F5E5325}"
EndProject
Global
	GlobalSection(SolutionConfigurationPlatforms) = preSolution
		Debug|Any CPU = Debug|Any CPU
		Release|Any CPU = Release|Any CPU
	EndGlobalSection
	GlobalSection(ProjectConfigurationPlatforms) = postSolution
		{5C6384B4-8339-461C-8111-F3064F5E5325}.Debug|Any CPU.ActiveCfg = Debug|Any CPU
		{5C6384B4-8339-461C-8111-F3064F5E5325}.Debug|Any CPU.Build.0 = Debug|Any CPU
		{5C6384B4-8339-461C-8111-F3064F5E5325}.Release|Any CPU.ActiveCfg = Release|Any CPU
		{5C6384B4-8339-461C-8111-F3064F5E5325}.Release|Any CPU.Build.0 = Release|Any CPU
	EndGlobalSection
	GlobalSection(SolutionProperties) = preSolution
		HideSolutionNode = FALSE
	EndGlobalSection
	GlobalSection(ExtensibilityGlobals) = postSolution
		SolutionGuid = {AEC19AD2-4B6F-4E8C-8532-419C7226D935}
	EndGlobalSection
EndGlobal
